{
  "requires": true,
  "lockfileVersion": 1,
  "dependencies": {
    "amdefine": {
      "version": "1.0.1",
      "resolved": "https://registry.npmjs.org/amdefine/-/amdefine-1.0.1.tgz",
      "integrity": "sha1-SlKCrBZHKek2Gbz9OtFR+BfOkfU="
    },
    "bootstrap-form-error-reporter": {
      "version": "1.13.0",
      "resolved": "https://registry.npmjs.org/bootstrap-form-error-reporter/-/bootstrap-form-error-reporter-1.13.0.tgz",
      "integrity": "sha1-esfY+BUnFo/sqyoRDsSj/RR5sWE=",
      "requires": {
        "amdefine": "1.0.1",
        "jquery": "3.2.1"
      }
    },
    "jquery": {
      "version": "3.2.1",
      "resolved": "https://registry.npmjs.org/jquery/-/jquery-3.2.1.tgz",
      "integrity": "sha1-XE2d5lKvbNCncBVKYxu6ErAVx4c="
    }
  }
}
